
Microsoft Visual Studio Solution File, Format Version 12.00
Project("{FAE04EC0-301F-11D3-BF4B-00C04F79EFBC}") = "Shop.RestApi", "Shop.RestApi\Shop.RestApi.csproj", "{4DEA4887-ACA8-4C22-938F-F82E636880B6}"
EndProject
Project("{FAE04EC0-301F-11D3-BF4B-00C04F79EFBC}") = "Shop.Entities", "Shop.Entities\Shop.Entities.csproj", "{482121CF-F314-4E24-ACC9-2B161537408E}"
EndProject
Project("{FAE04EC0-301F-11D3-BF4B-00C04F79EFBC}") = "Shop.Services", "Shop.Services\Shop.Services.csproj", "{27CD85FA-B451-4C00-A224-B02831018877}"
EndProject
Project("{FAE04EC0-301F-11D3-BF4B-00C04F79EFBC}") = "Shop.Persistence.Ef", "Shop.Persistence.Ef\Shop.Persistence.Ef.csproj", "{BA0FC150-2EB3-47B2-A0B7-1BA7411B9A2D}"
EndProject
Project("{2150E333-8FDC-42A3-9474-1A3956D46DE8}") = "Core", "Core", "{B2C8B734-368D-4581-9984-C6C1198F6A97}"
EndProject
Project("{2150E333-8FDC-42A3-9474-1A3956D46DE8}") = "Infrastructure", "Infrastructure", "{6E813ADF-2C05-40C2-B37A-C3CBFEBADFE9}"
EndProject
Project("{2150E333-8FDC-42A3-9474-1A3956D46DE8}") = "Presentation", "Presentation", "{4BFD2A15-11E0-4CCB-AC1B-E122F713AF64}"
EndProject
Project("{FAE04EC0-301F-11D3-BF4B-00C04F79EFBC}") = "Shop.Migrations", "Shop.Migrations\Shop.Migrations.csproj", "{AC813DCE-6D10-4D90-8CA0-B780768BF1CB}"
EndProject
Project("{FAE04EC0-301F-11D3-BF4B-00C04F79EFBC}") = "Shop.Applications", "Shop.Applications\Shop.Applications.csproj", "{3705EE0C-BBC5-4367-BFD1-BD59C4C72761}"
EndProject
Global
	GlobalSection(SolutionConfigurationPlatforms) = preSolution
		Debug|Any CPU = Debug|Any CPU
		Release|Any CPU = Release|Any CPU
	EndGlobalSection
	GlobalSection(ProjectConfigurationPlatforms) = postSolution
		{4DEA4887-ACA8-4C22-938F-F82E636880B6}.Debug|Any CPU.ActiveCfg = Debug|Any CPU
		{4DEA4887-ACA8-4C22-938F-F82E636880B6}.Debug|Any CPU.Build.0 = Debug|Any CPU
		{4DEA4887-ACA8-4C22-938F-F82E636880B6}.Release|Any CPU.ActiveCfg = Release|Any CPU
		{4DEA4887-ACA8-4C22-938F-F82E636880B6}.Release|Any CPU.Build.0 = Release|Any CPU
		{482121CF-F314-4E24-ACC9-2B161537408E}.Debug|Any CPU.ActiveCfg = Debug|Any CPU
		{482121CF-F314-4E24-ACC9-2B161537408E}.Debug|Any CPU.Build.0 = Debug|Any CPU
		{482121CF-F314-4E24-ACC9-2B161537408E}.Release|Any CPU.ActiveCfg = Release|Any CPU
		{482121CF-F314-4E24-ACC9-2B161537408E}.Release|Any CPU.Build.0 = Release|Any CPU
		{27CD85FA-B451-4C00-A224-B02831018877}.Debug|Any CPU.ActiveCfg = Debug|Any CPU
		{27CD85FA-B451-4C00-A224-B02831018877}.Debug|Any CPU.Build.0 = Debug|Any CPU
		{27CD85FA-B451-4C00-A224-B02831018877}.Release|Any CPU.ActiveCfg = Release|Any CPU
		{27CD85FA-B451-4C00-A224-B02831018877}.Release|Any CPU.Build.0 = Release|Any CPU
		{BA0FC150-2EB3-47B2-A0B7-1BA7411B9A2D}.Debug|Any CPU.ActiveCfg = Debug|Any CPU
		{BA0FC150-2EB3-47B2-A0B7-1BA7411B9A2D}.Debug|Any CPU.Build.0 = Debug|Any CPU
		{BA0FC150-2EB3-47B2-A0B7-1BA7411B9A2D}.Release|Any CPU.ActiveCfg = Release|Any CPU
		{BA0FC150-2EB3-47B2-A0B7-1BA7411B9A2D}.Release|Any CPU.Build.0 = Release|Any CPU
		{AC813DCE-6D10-4D90-8CA0-B780768BF1CB}.Debug|Any CPU.ActiveCfg = Debug|Any CPU
		{AC813DCE-6D10-4D90-8CA0-B780768BF1CB}.Debug|Any CPU.Build.0 = Debug|Any CPU
		{AC813DCE-6D10-4D90-8CA0-B780768BF1CB}.Release|Any CPU.ActiveCfg = Release|Any CPU
		{AC813DCE-6D10-4D90-8CA0-B780768BF1CB}.Release|Any CPU.Build.0 = Release|Any CPU
		{3705EE0C-BBC5-4367-BFD1-BD59C4C72761}.Debug|Any CPU.ActiveCfg = Debug|Any CPU
		{3705EE0C-BBC5-4367-BFD1-BD59C4C72761}.Debug|Any CPU.Build.0 = Debug|Any CPU
		{3705EE0C-BBC5-4367-BFD1-BD59C4C72761}.Release|Any CPU.ActiveCfg = Release|Any CPU
		{3705EE0C-BBC5-4367-BFD1-BD59C4C72761}.Release|Any CPU.Build.0 = Release|Any CPU
	EndGlobalSection
	GlobalSection(NestedProjects) = preSolution
		{482121CF-F314-4E24-ACC9-2B161537408E} = {B2C8B734-368D-4581-9984-C6C1198F6A97}
		{27CD85FA-B451-4C00-A224-B02831018877} = {B2C8B734-368D-4581-9984-C6C1198F6A97}
		{BA0FC150-2EB3-47B2-A0B7-1BA7411B9A2D} = {6E813ADF-2C05-40C2-B37A-C3CBFEBADFE9}
		{AC813DCE-6D10-4D90-8CA0-B780768BF1CB} = {6E813ADF-2C05-40C2-B37A-C3CBFEBADFE9}
		{4DEA4887-ACA8-4C22-938F-F82E636880B6} = {4BFD2A15-11E0-4CCB-AC1B-E122F713AF64}
		{3705EE0C-BBC5-4367-BFD1-BD59C4C72761} = {B2C8B734-368D-4581-9984-C6C1198F6A97}
	EndGlobalSection
EndGlobal
