
Microsoft Visual Studio Solution File, Format Version 12.00
# Visual Studio Version 17
VisualStudioVersion = 17.5.002.0
MinimumVisualStudioVersion = 10.0.40219.1
Project("{9A19103F-16F7-4668-BE54-9A1E7A4F7556}") = "Multi", "Multi.csproj", "{B6061939-1F1B-42D5-AD5A-BB6170E5A365}"
EndProject
Global
	GlobalSection(SolutionConfigurationPlatforms) = preSolution
		Debug|Any CPU = Debug|Any CPU
		Release|Any CPU = Release|Any CPU
	EndGlobalSection
	GlobalSection(ProjectConfigurationPlatforms) = postSolution
		{B6061939-1F1B-42D5-AD5A-BB6170E5A365}.Debug|Any CPU.ActiveCfg = Debug|Any CPU
		{B6061939-1F1B-42D5-AD5A-BB6170E5A365}.Debug|Any CPU.Build.0 = Debug|Any CPU
		{B6061939-1F1B-42D5-AD5A-BB6170E5A365}.Release|Any CPU.ActiveCfg = Release|Any CPU
		{B6061939-1F1B-42D5-AD5A-BB6170E5A365}.Release|Any CPU.Build.0 = Release|Any CPU
	EndGlobalSection
	GlobalSection(SolutionProperties) = preSolution
		HideSolutionNode = FALSE
	EndGlobalSection
	GlobalSection(ExtensibilityGlobals) = postSolution
		SolutionGuid = {FC38833C-87F4-4867-B586-36E18DF39926}
	EndGlobalSection
EndGlobal
