
Microsoft Visual Studio Solution File, Format Version 12.00
# Visual Studio Version 17
VisualStudioVersion = 17.5.002.0
MinimumVisualStudioVersion = 10.0.40219.1
Project("{9A19103F-16F7-4668-BE54-9A1E7A4F7556}") = "Mountaineering", "Mountaineering.csproj", "{01B2EF16-DE92-4221-A35F-FC2FFEBE7F64}"
EndProject
Global
	GlobalSection(SolutionConfigurationPlatforms) = preSolution
		Debug|Any CPU = Debug|Any CPU
		Release|Any CPU = Release|Any CPU
	EndGlobalSection
	GlobalSection(ProjectConfigurationPlatforms) = postSolution
		{01B2EF16-DE92-4221-A35F-FC2FFEBE7F64}.Debug|Any CPU.ActiveCfg = Debug|Any CPU
		{01B2EF16-DE92-4221-A35F-FC2FFEBE7F64}.Debug|Any CPU.Build.0 = Debug|Any CPU
		{01B2EF16-DE92-4221-A35F-FC2FFEBE7F64}.Release|Any CPU.ActiveCfg = Release|Any CPU
		{01B2EF16-DE92-4221-A35F-FC2FFEBE7F64}.Release|Any CPU.Build.0 = Release|Any CPU
	EndGlobalSection
	GlobalSection(SolutionProperties) = preSolution
		HideSolutionNode = FALSE
	EndGlobalSection
	GlobalSection(ExtensibilityGlobals) = postSolution
		SolutionGuid = {9D5C5013-D259-48EA-B90E-F33973C25CD2}
	EndGlobalSection
EndGlobal
