
Microsoft Visual Studio Solution File, Format Version 12.00
Project("{FAE04EC0-301F-11D3-BF4B-00C04F79EFBC}") = "Library.Ef.ConsoleApp", "Library.Ef.ConsoleApp.csproj", "{90DAE7C3-A488-4378-A42D-DABB0E2A51F2}"
EndProject
Global
	GlobalSection(SolutionConfigurationPlatforms) = preSolution
		Debug|Any CPU = Debug|Any CPU
		Release|Any CPU = Release|Any CPU
	EndGlobalSection
	GlobalSection(ProjectConfigurationPlatforms) = postSolution
		{90DAE7C3-A488-4378-A42D-DABB0E2A51F2}.Debug|Any CPU.ActiveCfg = Debug|Any CPU
		{90DAE7C3-A488-4378-A42D-DABB0E2A51F2}.Debug|Any CPU.Build.0 = Debug|Any CPU
		{90DAE7C3-A488-4378-A42D-DABB0E2A51F2}.Release|Any CPU.ActiveCfg = Release|Any CPU
		{90DAE7C3-A488-4378-A42D-DABB0E2A51F2}.Release|Any CPU.Build.0 = Release|Any CPU
	EndGlobalSection
EndGlobal
