
Microsoft Visual Studio Solution File, Format Version 12.00
# Visual Studio Version 17
VisualStudioVersion = 17.10.35201.131
MinimumVisualStudioVersion = 10.0.40219.1
Project("{FAE04EC0-301F-11D3-BF4B-00C04F79EFBC}") = "S1", "S1\S1.csproj", "{1235CB5E-897E-43CE-A931-D79DA0F25AA5}"
EndProject
Global
	GlobalSection(SolutionConfigurationPlatforms) = preSolution
		Debug|Any CPU = Debug|Any CPU
		Release|Any CPU = Release|Any CPU
	EndGlobalSection
	GlobalSection(ProjectConfigurationPlatforms) = postSolution
		{1235CB5E-897E-43CE-A931-D79DA0F25AA5}.Debug|Any CPU.ActiveCfg = Debug|Any CPU
		{1235CB5E-897E-43CE-A931-D79DA0F25AA5}.Debug|Any CPU.Build.0 = Debug|Any CPU
		{1235CB5E-897E-43CE-A931-D79DA0F25AA5}.Release|Any CPU.ActiveCfg = Release|Any CPU
		{1235CB5E-897E-43CE-A931-D79DA0F25AA5}.Release|Any CPU.Build.0 = Release|Any CPU
	EndGlobalSection
	GlobalSection(SolutionProperties) = preSolution
		HideSolutionNode = FALSE
	EndGlobalSection
	GlobalSection(ExtensibilityGlobals) = postSolution
		SolutionGuid = {E8A1C48D-4D94-4A89-BCD9-9094E2E9AF81}
	EndGlobalSection
EndGlobal
